
Microsoft Visual Studio Solution File, Format Version 12.00
Project("{FAE04EC0-301F-11D3-BF4B-00C04F79EFBC}") = "v410", "v410\v410.csproj", "{6CC74DED-581E-4469-8E99-29303C2348D0}"
EndProject
Project("{FAE04EC0-301F-11D3-BF4B-00C04F79EFBC}") = "v421", "v421\v421.csproj", "{8BB2D0DA-A9A2-49D1-9773-B77C1BA093C2}"
EndProject
Global
	GlobalSection(SolutionConfigurationPlatforms) = preSolution
		Debug|Any CPU = Debug|Any CPU
		Release|Any CPU = Release|Any CPU
	EndGlobalSection
	GlobalSection(ProjectConfigurationPlatforms) = postSolution
		{6CC74DED-581E-4469-8E99-29303C2348D0}.Debug|Any CPU.ActiveCfg = Debug|Any CPU
		{6CC74DED-581E-4469-8E99-29303C2348D0}.Debug|Any CPU.Build.0 = Debug|Any CPU
		{6CC74DED-581E-4469-8E99-29303C2348D0}.Release|Any CPU.ActiveCfg = Release|Any CPU
		{6CC74DED-581E-4469-8E99-29303C2348D0}.Release|Any CPU.Build.0 = Release|Any CPU
		{8BB2D0DA-A9A2-49D1-9773-B77C1BA093C2}.Debug|Any CPU.ActiveCfg = Debug|Any CPU
		{8BB2D0DA-A9A2-49D1-9773-B77C1BA093C2}.Debug|Any CPU.Build.0 = Debug|Any CPU
		{8BB2D0DA-A9A2-49D1-9773-B77C1BA093C2}.Release|Any CPU.ActiveCfg = Release|Any CPU
		{8BB2D0DA-A9A2-49D1-9773-B77C1BA093C2}.Release|Any CPU.Build.0 = Release|Any CPU
	EndGlobalSection
EndGlobal
